
Microsoft Visual Studio Solution File, Format Version 12.00
# Visual Studio Version 16
VisualStudioVersion = 16.0.31410.357
MinimumVisualStudioVersion = 10.0.40219.1
Project("{FAE04EC0-301F-11D3-BF4B-00C04F79EFBC}") = "GoogleMaps", "GoogleMaps\GoogleMaps.csproj", "{D1C0B44C-2020-4FF6-89BF-6C8C900AD2D9}"
EndProject
Global
	GlobalSection(SolutionConfigurationPlatforms) = preSolution
		Debug|Any CPU = Debug|Any CPU
		Release|Any CPU = Release|Any CPU
	EndGlobalSection
	GlobalSection(ProjectConfigurationPlatforms) = postSolution
		{D1C0B44C-2020-4FF6-89BF-6C8C900AD2D9}.Debug|Any CPU.ActiveCfg = Debug|Any CPU
		{D1C0B44C-2020-4FF6-89BF-6C8C900AD2D9}.Debug|Any CPU.Build.0 = Debug|Any CPU
		{D1C0B44C-2020-4FF6-89BF-6C8C900AD2D9}.Release|Any CPU.ActiveCfg = Release|Any CPU
		{D1C0B44C-2020-4FF6-89BF-6C8C900AD2D9}.Release|Any CPU.Build.0 = Release|Any CPU
	EndGlobalSection
	GlobalSection(SolutionProperties) = preSolution
		HideSolutionNode = FALSE
	EndGlobalSection
	GlobalSection(ExtensibilityGlobals) = postSolution
		SolutionGuid = {6ABCE7D1-03A6-41D7-A8D8-0FE66156504B}
	EndGlobalSection
EndGlobal
